
Microsoft Visual Studio Solution File, Format Version 12.00
# Visual Studio Version 16
VisualStudioVersion = 16.0.29827.131
MinimumVisualStudioVersion = 10.0.40219.1
Project("{FAE04EC0-301F-11D3-BF4B-00C04F79EFBC}") = "Covid-19-Simulation", "Covid-19-Simulation\Covid-19-Simulation.csproj", "{3DCFFBBC-CD5F-41A1-BD61-33E95A840338}"
EndProject
Global
	GlobalSection(SolutionConfigurationPlatforms) = preSolution
		Debug|Any CPU = Debug|Any CPU
		Release|Any CPU = Release|Any CPU
	EndGlobalSection
	GlobalSection(ProjectConfigurationPlatforms) = postSolution
		{3DCFFBBC-CD5F-41A1-BD61-33E95A840338}.Debug|Any CPU.ActiveCfg = Debug|Any CPU
		{3DCFFBBC-CD5F-41A1-BD61-33E95A840338}.Debug|Any CPU.Build.0 = Debug|Any CPU
		{3DCFFBBC-CD5F-41A1-BD61-33E95A840338}.Release|Any CPU.ActiveCfg = Release|Any CPU
		{3DCFFBBC-CD5F-41A1-BD61-33E95A840338}.Release|Any CPU.Build.0 = Release|Any CPU
	EndGlobalSection
	GlobalSection(SolutionProperties) = preSolution
		HideSolutionNode = FALSE
	EndGlobalSection
	GlobalSection(ExtensibilityGlobals) = postSolution
		SolutionGuid = {8CB59DF3-696D-457A-92E4-50535EEC0A89}
	EndGlobalSection
EndGlobal
